
Microsoft Visual Studio Solution File, Format Version 12.00
# Visual Studio Version 16
VisualStudioVersion = 16.0.29020.237
MinimumVisualStudioVersion = 10.0.40219.1
Project("{9A19103F-16F7-4668-BE54-9A1E7A4F7556}") = "Platform.Threading", "csharp\Platform.Threading\Platform.Threading.csproj", "{F7E3F718-E566-4358-9958-CF0E5730B6A6}"
EndProject
Project("{9A19103F-16F7-4668-BE54-9A1E7A4F7556}") = "Platform.Threading.Tests", "csharp\Platform.Threading.Tests\Platform.Threading.Tests.csproj", "{0DA6066D-905B-4045-89E8-51C857891DE4}"
EndProject
Global
	GlobalSection(SolutionConfigurationPlatforms) = preSolution
		Debug|Any CPU = Debug|Any CPU
		Release|Any CPU = Release|Any CPU
	EndGlobalSection
	GlobalSection(ProjectConfigurationPlatforms) = postSolution
		{F7E3F718-E566-4358-9958-CF0E5730B6A6}.Debug|Any CPU.ActiveCfg = Debug|Any CPU
		{F7E3F718-E566-4358-9958-CF0E5730B6A6}.Debug|Any CPU.Build.0 = Debug|Any CPU
		{F7E3F718-E566-4358-9958-CF0E5730B6A6}.Release|Any CPU.ActiveCfg = Release|Any CPU
		{F7E3F718-E566-4358-9958-CF0E5730B6A6}.Release|Any CPU.Build.0 = Release|Any CPU
		{0DA6066D-905B-4045-89E8-51C857891DE4}.Debug|Any CPU.ActiveCfg = Debug|Any CPU
		{0DA6066D-905B-4045-89E8-51C857891DE4}.Debug|Any CPU.Build.0 = Debug|Any CPU
		{0DA6066D-905B-4045-89E8-51C857891DE4}.Release|Any CPU.ActiveCfg = Release|Any CPU
		{0DA6066D-905B-4045-89E8-51C857891DE4}.Release|Any CPU.Build.0 = Release|Any CPU
	EndGlobalSection
	GlobalSection(SolutionProperties) = preSolution
		HideSolutionNode = FALSE
	EndGlobalSection
	GlobalSection(ExtensibilityGlobals) = postSolution
		SolutionGuid = {81B13A88-2234-4CF0-8009-B0FC68177B96}
	EndGlobalSection
EndGlobal
