
Microsoft Visual Studio Solution File, Format Version 12.00
# Visual Studio Version 16
VisualStudioVersion = 16.0.29020.237
MinimumVisualStudioVersion = 10.0.40219.1
Project("{9A19103F-16F7-4668-BE54-9A1E7A4F7556}") = "Platform.Threading", "Platform.Threading.csproj", "{51561B78-C392-419F-8DA5-98FDF26565EB}"
EndProject
Global
	GlobalSection(SolutionConfigurationPlatforms) = preSolution
		Debug|Any CPU = Debug|Any CPU
		Release|Any CPU = Release|Any CPU
	EndGlobalSection
	GlobalSection(ProjectConfigurationPlatforms) = postSolution
		{51561B78-C392-419F-8DA5-98FDF26565EB}.Debug|Any CPU.ActiveCfg = Debug|Any CPU
		{51561B78-C392-419F-8DA5-98FDF26565EB}.Debug|Any CPU.Build.0 = Debug|Any CPU
		{51561B78-C392-419F-8DA5-98FDF26565EB}.Release|Any CPU.ActiveCfg = Release|Any CPU
		{51561B78-C392-419F-8DA5-98FDF26565EB}.Release|Any CPU.Build.0 = Release|Any CPU
	EndGlobalSection
	GlobalSection(SolutionProperties) = preSolution
		HideSolutionNode = FALSE
	EndGlobalSection
	GlobalSection(ExtensibilityGlobals) = postSolution
		SolutionGuid = {81B13A88-2234-4CF0-8009-B0FC68177B96}
	EndGlobalSection
EndGlobal
